// !$*UTF8*$!
{
	archiveVersion = 1;
	classes = {
	};
	objectVersion = 46;
	objects = {

/* Begin PBXBuildFile section */
		84E0D654197C448500A0D7AC /* Foundation.framework in Frameworks */ = {isa = PBXBuildFile; fileRef = 84E0D653197C448500A0D7AC /* Foundation.framework */; };
		84E0D656197C448500A0D7AC /* CoreGraphics.framework in Frameworks */ = {isa = PBXBuildFile; fileRef = 84E0D655197C448500A0D7AC /* CoreGraphics.framework */; };
		84E0D658197C448500A0D7AC /* UIKit.framework in Frameworks */ = {isa = PBXBuildFile; fileRef = 84E0D657197C448500A0D7AC /* UIKit.framework */; };
		84E0D65E197C448500A0D7AC /* InfoPlist.strings in Resources */ = {isa = PBXBuildFile; fileRef = 84E0D65C197C448500A0D7AC /* InfoPlist.strings */; };
		84E0D660197C448500A0D7AC /* main.m in Sources */ = {isa = PBXBuildFile; fileRef = 84E0D65F197C448500A0D7AC /* main.m */; };
		84E0D664197C448500A0D7AC /* LRCAppDelegate.m in Sources */ = {isa = PBXBuildFile; fileRef = 84E0D663197C448500A0D7AC /* LRCAppDelegate.m */; };
		84E0D667197C448500A0D7AC /* Main.storyboard in Resources */ = {isa = PBXBuildFile; fileRef = 84E0D665197C448500A0D7AC /* Main.storyboard */; };
		84E0D66C197C448500A0D7AC /* Images.xcassets in Resources */ = {isa = PBXBuildFile; fileRef = 84E0D66B197C448500A0D7AC /* Images.xcassets */; };
		84E0D673197C448500A0D7AC /* XCTest.framework in Frameworks */ = {isa = PBXBuildFile; fileRef = 84E0D672197C448500A0D7AC /* XCTest.framework */; };
		84E0D674197C448500A0D7AC /* Foundation.framework in Frameworks */ = {isa = PBXBuildFile; fileRef = 84E0D653197C448500A0D7AC /* Foundation.framework */; };
		84E0D675197C448500A0D7AC /* UIKit.framework in Frameworks */ = {isa = PBXBuildFile; fileRef = 84E0D657197C448500A0D7AC /* UIKit.framework */; };
		84E0D67D197C448500A0D7AC /* InfoPlist.strings in Resources */ = {isa = PBXBuildFile; fileRef = 84E0D67B197C448500A0D7AC /* InfoPlist.strings */; };
		84E0D67F197C448500A0D7AC /* OutOFThisWorldTests.m in Sources */ = {isa = PBXBuildFile; fileRef = 84E0D67E197C448500A0D7AC /* OutOFThisWorldTests.m */; };
		84E0D68A197C44C600A0D7AC /* OuterSpaceTableViewController.m in Sources */ = {isa = PBXBuildFile; fileRef = 84E0D689197C44C600A0D7AC /* OuterSpaceTableViewController.m */; };
		84E0D68E197C4DA300A0D7AC /* AstronomicalData.m in Sources */ = {isa = PBXBuildFile; fileRef = 84E0D68D197C4DA300A0D7AC /* AstronomicalData.m */; };
		84E0D6DE197C59F000A0D7AC /* Earth.jpg in Resources */ = {isa = PBXBuildFile; fileRef = 84E0D6D4197C59EF00A0D7AC /* Earth.jpg */; };
		84E0D6DF197C59F000A0D7AC /* EinsteinRing.jpg in Resources */ = {isa = PBXBuildFile; fileRef = 84E0D6D5197C59EF00A0D7AC /* EinsteinRing.jpg */; };
		84E0D6E0197C59F000A0D7AC /* Jupiter.jpg in Resources */ = {isa = PBXBuildFile; fileRef = 84E0D6D6197C59EF00A0D7AC /* Jupiter.jpg */; };
		84E0D6E1197C59F000A0D7AC /* Mars.jpg in Resources */ = {isa = PBXBuildFile; fileRef = 84E0D6D7197C59EF00A0D7AC /* Mars.jpg */; };
		84E0D6E2197C59F000A0D7AC /* Mercury.jpg in Resources */ = {isa = PBXBuildFile; fileRef = 84E0D6D8197C59EF00A0D7AC /* Mercury.jpg */; };
		84E0D6E3197C59F000A0D7AC /* Neptune.jpg in Resources */ = {isa = PBXBuildFile; fileRef = 84E0D6D9197C59EF00A0D7AC /* Neptune.jpg */; };
		84E0D6E4197C59F000A0D7AC /* Orion.jpg in Resources */ = {isa = PBXBuildFile; fileRef = 84E0D6DA197C59EF00A0D7AC /* Orion.jpg */; };
		84E0D6E5197C59F000A0D7AC /* Saturn.jpg in Resources */ = {isa = PBXBuildFile; fileRef = 84E0D6DB197C59EF00A0D7AC /* Saturn.jpg */; };
		84E0D6E6197C59F000A0D7AC /* Uranus.jpg in Resources */ = {isa = PBXBuildFile; fileRef = 84E0D6DC197C59EF00A0D7AC /* Uranus.jpg */; };
		84E0D6E7197C59F000A0D7AC /* Venus.jpg in Resources */ = {isa = PBXBuildFile; fileRef = 84E0D6DD197C59EF00A0D7AC /* Venus.jpg */; };
		84E0D6EA197C5A2500A0D7AC /* LRCSpaceObject.m in Sources */ = {isa = PBXBuildFile; fileRef = 84E0D6E9197C5A2500A0D7AC /* LRCSpaceObject.m */; };
/* End PBXBuildFile section */

/* Begin PBXContainerItemProxy section */
		84E0D676197C448500A0D7AC /* PBXContainerItemProxy */ = {
			isa = PBXContainerItemProxy;
			containerPortal = 84E0D648197C448500A0D7AC /* Project object */;
			proxyType = 1;
			remoteGlobalIDString = 84E0D64F197C448500A0D7AC;
			remoteInfo = OutOFThisWorld;
		};
/* End PBXContainerItemProxy section */

/* Begin PBXFileReference section */
		84E0D650197C448500A0D7AC /* OutOFThisWorld.app */ = {isa = PBXFileReference; explicitFileType = wrapper.application; includeInIndex = 0; path = OutOFThisWorld.app; sourceTree = BUILT_PRODUCTS_DIR; };
		84E0D653197C448500A0D7AC /* Foundation.framework */ = {isa = PBXFileReference; lastKnownFileType = wrapper.framework; name = Foundation.framework; path = System/Library/Frameworks/Foundation.framework; sourceTree = SDKROOT; };
		84E0D655197C448500A0D7AC /* CoreGraphics.framework */ = {isa = PBXFileReference; lastKnownFileType = wrapper.framework; name = CoreGraphics.framework; path = System/Library/Frameworks/CoreGraphics.framework; sourceTree = SDKROOT; };
		84E0D657197C448500A0D7AC /* UIKit.framework */ = {isa = PBXFileReference; lastKnownFileType = wrapper.framework; name = UIKit.framework; path = System/Library/Frameworks/UIKit.framework; sourceTree = SDKROOT; };
		84E0D65B197C448500A0D7AC /* OutOFThisWorld-Info.plist */ = {isa = PBXFileReference; lastKnownFileType = text.plist.xml; path = "OutOFThisWorld-Info.plist"; sourceTree = "<group>"; };
		84E0D65D197C448500A0D7AC /* en */ = {isa = PBXFileReference; lastKnownFileType = text.plist.strings; name = en; path = en.lproj/InfoPlist.strings; sourceTree = "<group>"; };
		84E0D65F197C448500A0D7AC /* main.m */ = {isa = PBXFileReference; lastKnownFileType = sourcecode.c.objc; path = main.m; sourceTree = "<group>"; };
		84E0D661197C448500A0D7AC /* OutOFThisWorld-Prefix.pch */ = {isa = PBXFileReference; lastKnownFileType = sourcecode.c.h; path = "OutOFThisWorld-Prefix.pch"; sourceTree = "<group>"; };
		84E0D662197C448500A0D7AC /* LRCAppDelegate.h */ = {isa = PBXFileReference; lastKnownFileType = sourcecode.c.h; path = LRCAppDelegate.h; sourceTree = "<group>"; };
		84E0D663197C448500A0D7AC /* LRCAppDelegate.m */ = {isa = PBXFileReference; lastKnownFileType = sourcecode.c.objc; path = LRCAppDelegate.m; sourceTree = "<group>"; };
		84E0D666197C448500A0D7AC /* Base */ = {isa = PBXFileReference; lastKnownFileType = file.storyboard; name = Base; path = Base.lproj/Main.storyboard; sourceTree = "<group>"; };
		84E0D66B197C448500A0D7AC /* Images.xcassets */ = {isa = PBXFileReference; lastKnownFileType = folder.assetcatalog; path = Images.xcassets; sourceTree = "<group>"; };
		84E0D671197C448500A0D7AC /* OutOFThisWorldTests.xctest */ = {isa = PBXFileReference; explicitFileType = wrapper.cfbundle; includeInIndex = 0; path = OutOFThisWorldTests.xctest; sourceTree = BUILT_PRODUCTS_DIR; };
		84E0D672197C448500A0D7AC /* XCTest.framework */ = {isa = PBXFileReference; lastKnownFileType = wrapper.framework; name = XCTest.framework; path = Library/Frameworks/XCTest.framework; sourceTree = DEVELOPER_DIR; };
		84E0D67A197C448500A0D7AC /* OutOFThisWorldTests-Info.plist */ = {isa = PBXFileReference; lastKnownFileType = text.plist.xml; path = "OutOFThisWorldTests-Info.plist"; sourceTree = "<group>"; };
		84E0D67C197C448500A0D7AC /* en */ = {isa = PBXFileReference; lastKnownFileType = text.plist.strings; name = en; path = en.lproj/InfoPlist.strings; sourceTree = "<group>"; };
		84E0D67E197C448500A0D7AC /* OutOFThisWorldTests.m */ = {isa = PBXFileReference; lastKnownFileType = sourcecode.c.objc; path = OutOFThisWorldTests.m; sourceTree = "<group>"; };
		84E0D688197C44C600A0D7AC /* OuterSpaceTableViewController.h */ = {isa = PBXFileReference; fileEncoding = 4; lastKnownFileType = sourcecode.c.h; name = OuterSpaceTableViewController.h; path = ../OuterSpaceTableViewController.h; sourceTree = "<group>"; };
		84E0D689197C44C600A0D7AC /* OuterSpaceTableViewController.m */ = {isa = PBXFileReference; fileEncoding = 4; lastKnownFileType = sourcecode.c.objc; name = OuterSpaceTableViewController.m; path = ../OuterSpaceTableViewController.m; sourceTree = "<group>"; };
		84E0D68C197C4DA300A0D7AC /* AstronomicalData.h */ = {isa = PBXFileReference; fileEncoding = 4; lastKnownFileType = sourcecode.c.h; path = AstronomicalData.h; sourceTree = "<group>"; };
		84E0D68D197C4DA300A0D7AC /* AstronomicalData.m */ = {isa = PBXFileReference; fileEncoding = 4; lastKnownFileType = sourcecode.c.objc; path = AstronomicalData.m; sourceTree = "<group>"; };
		84E0D6D4197C59EF00A0D7AC /* Earth.jpg */ = {isa = PBXFileReference; lastKnownFileType = image.jpeg; path = Earth.jpg; sourceTree = "<group>"; };
		84E0D6D5197C59EF00A0D7AC /* EinsteinRing.jpg */ = {isa = PBXFileReference; lastKnownFileType = image.jpeg; path = EinsteinRing.jpg; sourceTree = "<group>"; };
		84E0D6D6197C59EF00A0D7AC /* Jupiter.jpg */ = {isa = PBXFileReference; lastKnownFileType = image.jpeg; path = Jupiter.jpg; sourceTree = "<group>"; };
		84E0D6D7197C59EF00A0D7AC /* Mars.jpg */ = {isa = PBXFileReference; lastKnownFileType = image.jpeg; path = Mars.jpg; sourceTree = "<group>"; };
		84E0D6D8197C59EF00A0D7AC /* Mercury.jpg */ = {isa = PBXFileReference; lastKnownFileType = image.jpeg; path = Mercury.jpg; sourceTree = "<group>"; };
		84E0D6D9197C59EF00A0D7AC /* Neptune.jpg */ = {isa = PBXFileReference; lastKnownFileType = image.jpeg; path = Neptune.jpg; sourceTree = "<group>"; };
		84E0D6DA197C59EF00A0D7AC /* Orion.jpg */ = {isa = PBXFileReference; lastKnownFileType = image.jpeg; path = Orion.jpg; sourceTree = "<group>"; };
		84E0D6DB197C59EF00A0D7AC /* Saturn.jpg */ = {isa = PBXFileReference; lastKnownFileType = image.jpeg; path = Saturn.jpg; sourceTree = "<group>"; };
		84E0D6DC197C59EF00A0D7AC /* Uranus.jpg */ = {isa = PBXFileReference; lastKnownFileType = image.jpeg; path = Uranus.jpg; sourceTree = "<group>"; };
		84E0D6DD197C59EF00A0D7AC /* Venus.jpg */ = {isa = PBXFileReference; lastKnownFileType = image.jpeg; path = Venus.jpg; sourceTree = "<group>"; };
		84E0D6E8197C5A2500A0D7AC /* LRCSpaceObject.h */ = {isa = PBXFileReference; fileEncoding = 4; lastKnownFileType = sourcecode.c.h; path = LRCSpaceObject.h; sourceTree = "<group>"; };
		84E0D6E9197C5A2500A0D7AC /* LRCSpaceObject.m */ = {isa = PBXFileReference; fileEncoding = 4; lastKnownFileType = sourcecode.c.objc; path = LRCSpaceObject.m; sourceTree = "<group>"; };
/* End PBXFileReference section */

/* Begin PBXFrameworksBuildPhase section */
		84E0D64D197C448500A0D7AC /* Frameworks */ = {
			isa = PBXFrameworksBuildPhase;
			buildActionMask = 2147483647;
			files = (
				84E0D656197C448500A0D7AC /* CoreGraphics.framework in Frameworks */,
				84E0D658197C448500A0D7AC /* UIKit.framework in Frameworks */,
				84E0D654197C448500A0D7AC /* Foundation.framework in Frameworks */,
			);
			runOnlyForDeploymentPostprocessing = 0;
		};
		84E0D66E197C448500A0D7AC /* Frameworks */ = {
			isa = PBXFrameworksBuildPhase;
			buildActionMask = 2147483647;
			files = (
				84E0D673197C448500A0D7AC /* XCTest.framework in Frameworks */,
				84E0D675197C448500A0D7AC /* UIKit.framework in Frameworks */,
				84E0D674197C448500A0D7AC /* Foundation.framework in Frameworks */,
			);
			runOnlyForDeploymentPostprocessing = 0;
		};
/* End PBXFrameworksBuildPhase section */

/* Begin PBXGroup section */
		84E0D647197C448500A0D7AC = {
			isa = PBXGroup;
			children = (
				84E0D659197C448500A0D7AC /* OutOFThisWorld */,
				84E0D678197C448500A0D7AC /* OutOFThisWorldTests */,
				84E0D652197C448500A0D7AC /* Frameworks */,
				84E0D651197C448500A0D7AC /* Products */,
			);
			sourceTree = "<group>";
		};
		84E0D651197C448500A0D7AC /* Products */ = {
			isa = PBXGroup;
			children = (
				84E0D650197C448500A0D7AC /* OutOFThisWorld.app */,
				84E0D671197C448500A0D7AC /* OutOFThisWorldTests.xctest */,
			);
			name = Products;
			sourceTree = "<group>";
		};
		84E0D652197C448500A0D7AC /* Frameworks */ = {
			isa = PBXGroup;
			children = (
				84E0D653197C448500A0D7AC /* Foundation.framework */,
				84E0D655197C448500A0D7AC /* CoreGraphics.framework */,
				84E0D657197C448500A0D7AC /* UIKit.framework */,
				84E0D672197C448500A0D7AC /* XCTest.framework */,
			);
			name = Frameworks;
			sourceTree = "<group>";
		};
		84E0D659197C448500A0D7AC /* OutOFThisWorld */ = {
			isa = PBXGroup;
			children = (
				84E0D665197C448500A0D7AC /* Main.storyboard */,
				84E0D688197C44C600A0D7AC /* OuterSpaceTableViewController.h */,
				84E0D689197C44C600A0D7AC /* OuterSpaceTableViewController.m */,
				84E0D6EB197C5A3100A0D7AC /* Model */,
				84E0D66B197C448500A0D7AC /* Images.xcassets */,
				84E0D6D3197C59EF00A0D7AC /* planet-images */,
				84E0D65A197C448500A0D7AC /* Supporting Files */,
			);
			path = OutOFThisWorld;
			sourceTree = "<group>";
		};
		84E0D65A197C448500A0D7AC /* Supporting Files */ = {
			isa = PBXGroup;
			children = (
				84E0D662197C448500A0D7AC /* LRCAppDelegate.h */,
				84E0D663197C448500A0D7AC /* LRCAppDelegate.m */,
				84E0D65B197C448500A0D7AC /* OutOFThisWorld-Info.plist */,
				84E0D65C197C448500A0D7AC /* InfoPlist.strings */,
				84E0D65F197C448500A0D7AC /* main.m */,
				84E0D661197C448500A0D7AC /* OutOFThisWorld-Prefix.pch */,
			);
			name = "Supporting Files";
			sourceTree = "<group>";
		};
		84E0D678197C448500A0D7AC /* OutOFThisWorldTests */ = {
			isa = PBXGroup;
			children = (
				84E0D67E197C448500A0D7AC /* OutOFThisWorldTests.m */,
				84E0D679197C448500A0D7AC /* Supporting Files */,
			);
			path = OutOFThisWorldTests;
			sourceTree = "<group>";
		};
		84E0D679197C448500A0D7AC /* Supporting Files */ = {
			isa = PBXGroup;
			children = (
				84E0D67A197C448500A0D7AC /* OutOFThisWorldTests-Info.plist */,
				84E0D67B197C448500A0D7AC /* InfoPlist.strings */,
			);
			name = "Supporting Files";
			sourceTree = "<group>";
		};
		84E0D68B197C4DA300A0D7AC /* astronmical-data-model */ = {
			isa = PBXGroup;
			children = (
				84E0D68C197C4DA300A0D7AC /* AstronomicalData.h */,
				84E0D68D197C4DA300A0D7AC /* AstronomicalData.m */,
			);
			path = "astronmical-data-model";
			sourceTree = "<group>";
		};
		84E0D6D3197C59EF00A0D7AC /* planet-images */ = {
			isa = PBXGroup;
			children = (
				84E0D6D4197C59EF00A0D7AC /* Earth.jpg */,
				84E0D6D5197C59EF00A0D7AC /* EinsteinRing.jpg */,
				84E0D6D6197C59EF00A0D7AC /* Jupiter.jpg */,
				84E0D6D7197C59EF00A0D7AC /* Mars.jpg */,
				84E0D6D8197C59EF00A0D7AC /* Mercury.jpg */,
				84E0D6D9197C59EF00A0D7AC /* Neptune.jpg */,
				84E0D6DA197C59EF00A0D7AC /* Orion.jpg */,
				84E0D6DB197C59EF00A0D7AC /* Saturn.jpg */,
				84E0D6DC197C59EF00A0D7AC /* Uranus.jpg */,
				84E0D6DD197C59EF00A0D7AC /* Venus.jpg */,
			);
			path = "planet-images";
			sourceTree = "<group>";
		};
		84E0D6EB197C5A3100A0D7AC /* Model */ = {
			isa = PBXGroup;
			children = (
				84E0D68B197C4DA300A0D7AC /* astronmical-data-model */,
				84E0D6E8197C5A2500A0D7AC /* LRCSpaceObject.h */,
				84E0D6E9197C5A2500A0D7AC /* LRCSpaceObject.m */,
			);
			name = Model;
			sourceTree = "<group>";
		};
/* End PBXGroup section */

/* Begin PBXNativeTarget section */
		84E0D64F197C448500A0D7AC /* OutOFThisWorld */ = {
			isa = PBXNativeTarget;
			buildConfigurationList = 84E0D682197C448500A0D7AC /* Build configuration list for PBXNativeTarget "OutOFThisWorld" */;
			buildPhases = (
				84E0D64C197C448500A0D7AC /* Sources */,
				84E0D64D197C448500A0D7AC /* Frameworks */,
				84E0D64E197C448500A0D7AC /* Resources */,
			);
			buildRules = (
			);
			dependencies = (
			);
			name = OutOFThisWorld;
			productName = OutOFThisWorld;
			productReference = 84E0D650197C448500A0D7AC /* OutOFThisWorld.app */;
			productType = "com.apple.product-type.application";
		};
		84E0D670197C448500A0D7AC /* OutOFThisWorldTests */ = {
			isa = PBXNativeTarget;
			buildConfigurationList = 84E0D685197C448500A0D7AC /* Build configuration list for PBXNativeTarget "OutOFThisWorldTests" */;
			buildPhases = (
				84E0D66D197C448500A0D7AC /* Sources */,
				84E0D66E197C448500A0D7AC /* Frameworks */,
				84E0D66F197C448500A0D7AC /* Resources */,
			);
			buildRules = (
			);
			dependencies = (
				84E0D677197C448500A0D7AC /* PBXTargetDependency */,
			);
			name = OutOFThisWorldTests;
			productName = OutOFThisWorldTests;
			productReference = 84E0D671197C448500A0D7AC /* OutOFThisWorldTests.xctest */;
			productType = "com.apple.product-type.bundle.unit-test";
		};
/* End PBXNativeTarget section */

/* Begin PBXProject section */
		84E0D648197C448500A0D7AC /* Project object */ = {
			isa = PBXProject;
			attributes = {
				CLASSPREFIX = LRC;
				LastUpgradeCheck = 0510;
				ORGANIZATIONNAME = "Luis Carbuccia";
				TargetAttributes = {
					84E0D670197C448500A0D7AC = {
						TestTargetID = 84E0D64F197C448500A0D7AC;
					};
				};
			};
			buildConfigurationList = 84E0D64B197C448500A0D7AC /* Build configuration list for PBXProject "OutOFThisWorld" */;
			compatibilityVersion = "Xcode 3.2";
			developmentRegion = English;
			hasScannedForEncodings = 0;
			knownRegions = (
				en,
				Base,
			);
			mainGroup = 84E0D647197C448500A0D7AC;
			productRefGroup = 84E0D651197C448500A0D7AC /* Products */;
			projectDirPath = "";
			projectRoot = "";
			targets = (
				84E0D64F197C448500A0D7AC /* OutOFThisWorld */,
				84E0D670197C448500A0D7AC /* OutOFThisWorldTests */,
			);
		};
/* End PBXProject section */

/* Begin PBXResourcesBuildPhase section */
		84E0D64E197C448500A0D7AC /* Resources */ = {
			isa = PBXResourcesBuildPhase;
			buildActionMask = 2147483647;
			files = (
				84E0D6DE197C59F000A0D7AC /* Earth.jpg in Resources */,
				84E0D6E7197C59F000A0D7AC /* Venus.jpg in Resources */,
				84E0D6E2197C59F000A0D7AC /* Mercury.jpg in Resources */,
				84E0D6E5197C59F000A0D7AC /* Saturn.jpg in Resources */,
				84E0D6E6197C59F000A0D7AC /* Uranus.jpg in Resources */,
				84E0D66C197C448500A0D7AC /* Images.xcassets in Resources */,
				84E0D6E3197C59F000A0D7AC /* Neptune.jpg in Resources */,
				84E0D6E1197C59F000A0D7AC /* Mars.jpg in Resources */,
				84E0D65E197C448500A0D7AC /* InfoPlist.strings in Resources */,
				84E0D667197C448500A0D7AC /* Main.storyboard in Resources */,
				84E0D6DF197C59F000A0D7AC /* EinsteinRing.jpg in Resources */,
				84E0D6E0197C59F000A0D7AC /* Jupiter.jpg in Resources */,
				84E0D6E4197C59F000A0D7AC /* Orion.jpg in Resources */,
			);
			runOnlyForDeploymentPostprocessing = 0;
		};
		84E0D66F197C448500A0D7AC /* Resources */ = {
			isa = PBXResourcesBuildPhase;
			buildActionMask = 2147483647;
			files = (
				84E0D67D197C448500A0D7AC /* InfoPlist.strings in Resources */,
			);
			runOnlyForDeploymentPostprocessing = 0;
		};
/* End PBXResourcesBuildPhase section */

/* Begin PBXSourcesBuildPhase section */
		84E0D64C197C448500A0D7AC /* Sources */ = {
			isa = PBXSourcesBuildPhase;
			buildActionMask = 2147483647;
			files = (
				84E0D68A197C44C600A0D7AC /* OuterSpaceTableViewController.m in Sources */,
				84E0D664197C448500A0D7AC /* LRCAppDelegate.m in Sources */,
				84E0D660197C448500A0D7AC /* main.m in Sources */,
				84E0D6EA197C5A2500A0D7AC /* LRCSpaceObject.m in Sources */,
				84E0D68E197C4DA300A0D7AC /* AstronomicalData.m in Sources */,
			);
			runOnlyForDeploymentPostprocessing = 0;
		};
		84E0D66D197C448500A0D7AC /* Sources */ = {
			isa = PBXSourcesBuildPhase;
			buildActionMask = 2147483647;
			files = (
				84E0D67F197C448500A0D7AC /* OutOFThisWorldTests.m in Sources */,
			);
			runOnlyForDeploymentPostprocessing = 0;
		};
/* End PBXSourcesBuildPhase section */

/* Begin PBXTargetDependency section */
		84E0D677197C448500A0D7AC /* PBXTargetDependency */ = {
			isa = PBXTargetDependency;
			target = 84E0D64F197C448500A0D7AC /* OutOFThisWorld */;
			targetProxy = 84E0D676197C448500A0D7AC /* PBXContainerItemProxy */;
		};
/* End PBXTargetDependency section */

/* Begin PBXVariantGroup section */
		84E0D65C197C448500A0D7AC /* InfoPlist.strings */ = {
			isa = PBXVariantGroup;
			children = (
				84E0D65D197C448500A0D7AC /* en */,
			);
			name = InfoPlist.strings;
			sourceTree = "<group>";
		};
		84E0D665197C448500A0D7AC /* Main.storyboard */ = {
			isa = PBXVariantGroup;
			children = (
				84E0D666197C448500A0D7AC /* Base */,
			);
			name = Main.storyboard;
			sourceTree = "<group>";
		};
		84E0D67B197C448500A0D7AC /* InfoPlist.strings */ = {
			isa = PBXVariantGroup;
			children = (
				84E0D67C197C448500A0D7AC /* en */,
			);
			name = InfoPlist.strings;
			sourceTree = "<group>";
		};
/* End PBXVariantGroup section */

/* Begin XCBuildConfiguration section */
		84E0D680197C448500A0D7AC /* Debug */ = {
			isa = XCBuildConfiguration;
			buildSettings = {
				ALWAYS_SEARCH_USER_PATHS = NO;
				CLANG_CXX_LANGUAGE_STANDARD = "gnu++0x";
				CLANG_CXX_LIBRARY = "libc++";
				CLANG_ENABLE_MODULES = YES;
				CLANG_ENABLE_OBJC_ARC = YES;
				CLANG_WARN_BOOL_CONVERSION = YES;
				CLANG_WARN_CONSTANT_CONVERSION = YES;
				CLANG_WARN_DIRECT_OBJC_ISA_USAGE = YES_ERROR;
				CLANG_WARN_EMPTY_BODY = YES;
				CLANG_WARN_ENUM_CONVERSION = YES;
				CLANG_WARN_INT_CONVERSION = YES;
				CLANG_WARN_OBJC_ROOT_CLASS = YES_ERROR;
				CLANG_WARN__DUPLICATE_METHOD_MATCH = YES;
				"CODE_SIGN_IDENTITY[sdk=iphoneos*]" = "iPhone Developer";
				COPY_PHASE_STRIP = NO;
				GCC_C_LANGUAGE_STANDARD = gnu99;
				GCC_DYNAMIC_NO_PIC = NO;
				GCC_OPTIMIZATION_LEVEL = 0;
				GCC_PREPROCESSOR_DEFINITIONS = (
					"DEBUG=1",
					"$(inherited)",
				);
				GCC_SYMBOLS_PRIVATE_EXTERN = NO;
				GCC_WARN_64_TO_32_BIT_CONVERSION = YES;
				GCC_WARN_ABOUT_RETURN_TYPE = YES_ERROR;
				GCC_WARN_UNDECLARED_SELECTOR = YES;
				GCC_WARN_UNINITIALIZED_AUTOS = YES_AGGRESSIVE;
				GCC_WARN_UNUSED_FUNCTION = YES;
				GCC_WARN_UNUSED_VARIABLE = YES;
				IPHONEOS_DEPLOYMENT_TARGET = 7.1;
				ONLY_ACTIVE_ARCH = YES;
				SDKROOT = iphoneos;
			};
			name = Debug;
		};
		84E0D681197C448500A0D7AC /* Release */ = {
			isa = XCBuildConfiguration;
			buildSettings = {
				ALWAYS_SEARCH_USER_PATHS = NO;
				CLANG_CXX_LANGUAGE_STANDARD = "gnu++0x";
				CLANG_CXX_LIBRARY = "libc++";
				CLANG_ENABLE_MODULES = YES;
				CLANG_ENABLE_OBJC_ARC = YES;
				CLANG_WARN_BOOL_CONVERSION = YES;
				CLANG_WARN_CONSTANT_CONVERSION = YES;
				CLANG_WARN_DIRECT_OBJC_ISA_USAGE = YES_ERROR;
				CLANG_WARN_EMPTY_BODY = YES;
				CLANG_WARN_ENUM_CONVERSION = YES;
				CLANG_WARN_INT_CONVERSION = YES;
				CLANG_WARN_OBJC_ROOT_CLASS = YES_ERROR;
				CLANG_WARN__DUPLICATE_METHOD_MATCH = YES;
				"CODE_SIGN_IDENTITY[sdk=iphoneos*]" = "iPhone Developer";
				COPY_PHASE_STRIP = YES;
				ENABLE_NS_ASSERTIONS = NO;
				GCC_C_LANGUAGE_STANDARD = gnu99;
				GCC_WARN_64_TO_32_BIT_CONVERSION = YES;
				GCC_WARN_ABOUT_RETURN_TYPE = YES_ERROR;
				GCC_WARN_UNDECLARED_SELECTOR = YES;
				GCC_WARN_UNINITIALIZED_AUTOS = YES_AGGRESSIVE;
				GCC_WARN_UNUSED_FUNCTION = YES;
				GCC_WARN_UNUSED_VARIABLE = YES;
				IPHONEOS_DEPLOYMENT_TARGET = 7.1;
				SDKROOT = iphoneos;
				VALIDATE_PRODUCT = YES;
			};
			name = Release;
		};
		84E0D683197C448500A0D7AC /* Debug */ = {
			isa = XCBuildConfiguration;
			buildSettings = {
				ASSETCATALOG_COMPILER_APPICON_NAME = AppIcon;
				ASSETCATALOG_COMPILER_LAUNCHIMAGE_NAME = LaunchImage;
				GCC_PRECOMPILE_PREFIX_HEADER = YES;
				GCC_PREFIX_HEADER = "OutOFThisWorld/OutOFThisWorld-Prefix.pch";
				INFOPLIST_FILE = "OutOFThisWorld/OutOFThisWorld-Info.plist";
				PRODUCT_NAME = "$(TARGET_NAME)";
				WRAPPER_EXTENSION = app;
			};
			name = Debug;
		};
		84E0D684197C448500A0D7AC /* Release */ = {
			isa = XCBuildConfiguration;
			buildSettings = {
				ASSETCATALOG_COMPILER_APPICON_NAME = AppIcon;
				ASSETCATALOG_COMPILER_LAUNCHIMAGE_NAME = LaunchImage;
				GCC_PRECOMPILE_PREFIX_HEADER = YES;
				GCC_PREFIX_HEADER = "OutOFThisWorld/OutOFThisWorld-Prefix.pch";
				INFOPLIST_FILE = "OutOFThisWorld/OutOFThisWorld-Info.plist";
				PRODUCT_NAME = "$(TARGET_NAME)";
				WRAPPER_EXTENSION = app;
			};
			name = Release;
		};
		84E0D686197C448500A0D7AC /* Debug */ = {
			isa = XCBuildConfiguration;
			buildSettings = {
				BUNDLE_LOADER = "$(BUILT_PRODUCTS_DIR)/OutOFThisWorld.app/OutOFThisWorld";
				FRAMEWORK_SEARCH_PATHS = (
					"$(SDKROOT)/Developer/Library/Frameworks",
					"$(inherited)",
					"$(DEVELOPER_FRAMEWORKS_DIR)",
				);
				GCC_PRECOMPILE_PREFIX_HEADER = YES;
				GCC_PREFIX_HEADER = "OutOFThisWorld/OutOFThisWorld-Prefix.pch";
				GCC_PREPROCESSOR_DEFINITIONS = (
					"DEBUG=1",
					"$(inherited)",
				);
				INFOPLIST_FILE = "OutOFThisWorldTests/OutOFThisWorldTests-Info.plist";
				PRODUCT_NAME = "$(TARGET_NAME)";
				TEST_HOST = "$(BUNDLE_LOADER)";
				WRAPPER_EXTENSION = xctest;
			};
			name = Debug;
		};
		84E0D687197C448500A0D7AC /* Release */ = {
			isa = XCBuildConfiguration;
			buildSettings = {
				BUNDLE_LOADER = "$(BUILT_PRODUCTS_DIR)/OutOFThisWorld.app/OutOFThisWorld";
				FRAMEWORK_SEARCH_PATHS = (
					"$(SDKROOT)/Developer/Library/Frameworks",
					"$(inherited)",
					"$(DEVELOPER_FRAMEWORKS_DIR)",
				);
				GCC_PRECOMPILE_PREFIX_HEADER = YES;
				GCC_PREFIX_HEADER = "OutOFThisWorld/OutOFThisWorld-Prefix.pch";
				INFOPLIST_FILE = "OutOFThisWorldTests/OutOFThisWorldTests-Info.plist";
				PRODUCT_NAME = "$(TARGET_NAME)";
				TEST_HOST = "$(BUNDLE_LOADER)";
				WRAPPER_EXTENSION = xctest;
			};
			name = Release;
		};
/* End XCBuildConfiguration section */

/* Begin XCConfigurationList section */
		84E0D64B197C448500A0D7AC /* Build configuration list for PBXProject "OutOFThisWorld" */ = {
			isa = XCConfigurationList;
			buildConfigurations = (
				84E0D680197C448500A0D7AC /* Debug */,
				84E0D681197C448500A0D7AC /* Release */,
			);
			defaultConfigurationIsVisible = 0;
			defaultConfigurationName = Release;
		};
		84E0D682197C448500A0D7AC /* Build configuration list for PBXNativeTarget "OutOFThisWorld" */ = {
			isa = XCConfigurationList;
			buildConfigurations = (
				84E0D683197C448500A0D7AC /* Debug */,
				84E0D684197C448500A0D7AC /* Release */,
			);
			defaultConfigurationIsVisible = 0;
			defaultConfigurationName = Release;
		};
		84E0D685197C448500A0D7AC /* Build configuration list for PBXNativeTarget "OutOFThisWorldTests" */ = {
			isa = XCConfigurationList;
			buildConfigurations = (
				84E0D686197C448500A0D7AC /* Debug */,
				84E0D687197C448500A0D7AC /* Release */,
			);
			defaultConfigurationIsVisible = 0;
			defaultConfigurationName = Release;
		};
/* End XCConfigurationList section */
	};
	rootObject = 84E0D648197C448500A0D7AC /* Project object */;
}
